
Microsoft Visual Studio Solution File, Format Version 12.00
# Visual Studio Version 17
VisualStudioVersion = 17.3.32901.215
MinimumVisualStudioVersion = 10.0.40219.1
Project("{FAE04EC0-301F-11D3-BF4B-00C04F79EFBC}") = "aspnetcore-telegram-logger", "aspnetcore-telegram-logger.csproj", "{13E5B75B-DF46-4188-815C-1D2A0726C6B3}"
EndProject
Global
	GlobalSection(SolutionConfigurationPlatforms) = preSolution
		Debug|Any CPU = Debug|Any CPU
		Release|Any CPU = Release|Any CPU
	EndGlobalSection
	GlobalSection(ProjectConfigurationPlatforms) = postSolution
		{13E5B75B-DF46-4188-815C-1D2A0726C6B3}.Debug|Any CPU.ActiveCfg = Debug|Any CPU
		{13E5B75B-DF46-4188-815C-1D2A0726C6B3}.Debug|Any CPU.Build.0 = Debug|Any CPU
		{13E5B75B-DF46-4188-815C-1D2A0726C6B3}.Release|Any CPU.ActiveCfg = Release|Any CPU
		{13E5B75B-DF46-4188-815C-1D2A0726C6B3}.Release|Any CPU.Build.0 = Release|Any CPU
	EndGlobalSection
	GlobalSection(SolutionProperties) = preSolution
		HideSolutionNode = FALSE
	EndGlobalSection
	GlobalSection(ExtensibilityGlobals) = postSolution
		SolutionGuid = {C0B35038-F2DA-4CD3-B746-2DA2BDD3AA67}
	EndGlobalSection
EndGlobal
